
Microsoft Visual Studio Solution File, Format Version 12.00
# Visual Studio Version 16
VisualStudioVersion = 16.0.30114.105
MinimumVisualStudioVersion = 10.0.40219.1
Project("{FAE04EC0-301F-11D3-BF4B-00C04F79EFBC}") = "DS2_SRC", "DS2_SRC\DS2_SRC.csproj", "{7EEBA2C5-7882-42E1-856C-FAE42E7DCE98}"
EndProject
Project("{FAE04EC0-301F-11D3-BF4B-00C04F79EFBC}") = "DS2_TEST", "DS2_TEST\DS2_TEST.csproj", "{1A904573-8A1C-46AD-864E-DDAA2F41C159}"
EndProject
Global
	GlobalSection(SolutionConfigurationPlatforms) = preSolution
		Debug|Any CPU = Debug|Any CPU
		Release|Any CPU = Release|Any CPU
	EndGlobalSection
	GlobalSection(SolutionProperties) = preSolution
		HideSolutionNode = FALSE
	EndGlobalSection
	GlobalSection(ProjectConfigurationPlatforms) = postSolution
		{7EEBA2C5-7882-42E1-856C-FAE42E7DCE98}.Debug|Any CPU.ActiveCfg = Debug|Any CPU
		{7EEBA2C5-7882-42E1-856C-FAE42E7DCE98}.Debug|Any CPU.Build.0 = Debug|Any CPU
		{7EEBA2C5-7882-42E1-856C-FAE42E7DCE98}.Release|Any CPU.ActiveCfg = Release|Any CPU
		{7EEBA2C5-7882-42E1-856C-FAE42E7DCE98}.Release|Any CPU.Build.0 = Release|Any CPU
		{1A904573-8A1C-46AD-864E-DDAA2F41C159}.Debug|Any CPU.ActiveCfg = Debug|Any CPU
		{1A904573-8A1C-46AD-864E-DDAA2F41C159}.Debug|Any CPU.Build.0 = Debug|Any CPU
		{1A904573-8A1C-46AD-864E-DDAA2F41C159}.Release|Any CPU.ActiveCfg = Release|Any CPU
		{1A904573-8A1C-46AD-864E-DDAA2F41C159}.Release|Any CPU.Build.0 = Release|Any CPU
	EndGlobalSection
EndGlobal
